
Microsoft Visual Studio Solution File, Format Version 12.00
# Visual Studio Version 17
VisualStudioVersion = 17.4.33110.190
MinimumVisualStudioVersion = 10.0.40219.1
Project("{9A19103F-16F7-4668-BE54-9A1E7A4F7556}") = "Discite.Data", "Discite.Data\Discite.Data.csproj", "{8BEB6347-6791-4E9F-997B-876826F49024}"
EndProject
Project("{9A19103F-16F7-4668-BE54-9A1E7A4F7556}") = "Discite.API", "Discite.API\Discite.API.csproj", "{A402E28F-4275-4B98-B767-3080DAB69023}"
EndProject
Project("{FAE04EC0-301F-11D3-BF4B-00C04F79EFBC}") = "Discite.Test", "Discite.Test\Discite.Test.csproj", "{3DEFA224-B91C-4EF1-A4DD-4284927281D3}"
EndProject
Global
	GlobalSection(SolutionConfigurationPlatforms) = preSolution
		Debug|Any CPU = Debug|Any CPU
		Release|Any CPU = Release|Any CPU
	EndGlobalSection
	GlobalSection(ProjectConfigurationPlatforms) = postSolution
		{8BEB6347-6791-4E9F-997B-876826F49024}.Debug|Any CPU.ActiveCfg = Debug|Any CPU
		{8BEB6347-6791-4E9F-997B-876826F49024}.Debug|Any CPU.Build.0 = Debug|Any CPU
		{8BEB6347-6791-4E9F-997B-876826F49024}.Release|Any CPU.ActiveCfg = Release|Any CPU
		{8BEB6347-6791-4E9F-997B-876826F49024}.Release|Any CPU.Build.0 = Release|Any CPU
		{A402E28F-4275-4B98-B767-3080DAB69023}.Debug|Any CPU.ActiveCfg = Debug|Any CPU
		{A402E28F-4275-4B98-B767-3080DAB69023}.Debug|Any CPU.Build.0 = Debug|Any CPU
		{A402E28F-4275-4B98-B767-3080DAB69023}.Release|Any CPU.ActiveCfg = Release|Any CPU
		{A402E28F-4275-4B98-B767-3080DAB69023}.Release|Any CPU.Build.0 = Release|Any CPU
		{3DEFA224-B91C-4EF1-A4DD-4284927281D3}.Debug|Any CPU.ActiveCfg = Debug|Any CPU
		{3DEFA224-B91C-4EF1-A4DD-4284927281D3}.Debug|Any CPU.Build.0 = Debug|Any CPU
		{3DEFA224-B91C-4EF1-A4DD-4284927281D3}.Release|Any CPU.ActiveCfg = Release|Any CPU
		{3DEFA224-B91C-4EF1-A4DD-4284927281D3}.Release|Any CPU.Build.0 = Release|Any CPU
	EndGlobalSection
	GlobalSection(SolutionProperties) = preSolution
		HideSolutionNode = FALSE
	EndGlobalSection
	GlobalSection(ExtensibilityGlobals) = postSolution
		SolutionGuid = {7267B844-92AE-4774-835F-78BB5BE44F32}
	EndGlobalSection
EndGlobal
